
Microsoft Visual Studio Solution File, Format Version 12.00
# Visual Studio Version 16
VisualStudioVersion = 16.0.32630.194
MinimumVisualStudioVersion = 10.0.40219.1
Project("{8BC9CEB8-8B4A-11D0-8D11-00A0C91BC942}") = "ECS", "ECS-API.vcxproj", "{7BE464BE-AAA2-4E48-B2E7-610B31F9ABCC}"
EndProject
Global
	GlobalSection(SolutionConfigurationPlatforms) = preSolution
		Debug|x64 = Debug|x64
		Release|x64 = Release|x64
	EndGlobalSection
	GlobalSection(ProjectConfigurationPlatforms) = postSolution
		{7BE464BE-AAA2-4E48-B2E7-610B31F9ABCC}.Debug|x64.ActiveCfg = Debug|x64
		{7BE464BE-AAA2-4E48-B2E7-610B31F9ABCC}.Debug|x64.Build.0 = Debug|x64
		{7BE464BE-AAA2-4E48-B2E7-610B31F9ABCC}.Release|x64.ActiveCfg = Release|x64
		{7BE464BE-AAA2-4E48-B2E7-610B31F9ABCC}.Release|x64.Build.0 = Release|x64
	EndGlobalSection
	GlobalSection(SolutionProperties) = preSolution
		HideSolutionNode = FALSE
	EndGlobalSection
	GlobalSection(ExtensibilityGlobals) = postSolution
		SolutionGuid = {36066C47-29B2-4B6C-A3A5-2EE9FAF352BA}
	EndGlobalSection
EndGlobal
